
Microsoft Visual Studio Solution File, Format Version 12.00
# Visual Studio Version 16
VisualStudioVersion = 16.0.31025.194
MinimumVisualStudioVersion = 10.0.40219.1
Project("{8BC9CEB8-8B4A-11D0-8D11-00A0C91BC942}") = "MergeSort", "MergeSort\MergeSort.vcxproj", "{DB126FA6-DC20-47F3-9FF8-95D4EF1A2063}"
EndProject
Global
	GlobalSection(SolutionConfigurationPlatforms) = preSolution
		Debug|x64 = Debug|x64
		Debug|x86 = Debug|x86
		Release|x64 = Release|x64
		Release|x86 = Release|x86
	EndGlobalSection
	GlobalSection(ProjectConfigurationPlatforms) = postSolution
		{DB126FA6-DC20-47F3-9FF8-95D4EF1A2063}.Debug|x64.ActiveCfg = Debug|x64
		{DB126FA6-DC20-47F3-9FF8-95D4EF1A2063}.Debug|x64.Build.0 = Debug|x64
		{DB126FA6-DC20-47F3-9FF8-95D4EF1A2063}.Debug|x86.ActiveCfg = Debug|Win32
		{DB126FA6-DC20-47F3-9FF8-95D4EF1A2063}.Debug|x86.Build.0 = Debug|Win32
		{DB126FA6-DC20-47F3-9FF8-95D4EF1A2063}.Release|x64.ActiveCfg = Release|x64
		{DB126FA6-DC20-47F3-9FF8-95D4EF1A2063}.Release|x64.Build.0 = Release|x64
		{DB126FA6-DC20-47F3-9FF8-95D4EF1A2063}.Release|x86.ActiveCfg = Release|Win32
		{DB126FA6-DC20-47F3-9FF8-95D4EF1A2063}.Release|x86.Build.0 = Release|Win32
	EndGlobalSection
	GlobalSection(SolutionProperties) = preSolution
		HideSolutionNode = FALSE
	EndGlobalSection
	GlobalSection(ExtensibilityGlobals) = postSolution
		SolutionGuid = {12FCCFEB-2082-416F-ADEE-7F17E4C66370}
	EndGlobalSection
EndGlobal
